<Solution>
  <Folder Name="/src/">
    <Project Path="src/Plugboard/Plugboard.csproj" />
    <Project Path="src/Plugboard.Generator/Plugboard.Generator.csproj" />
  </Folder>
  <Folder Name="/tests/">
    <Project Path="tests/Plugboard.Tests/Plugboard.Tests.csproj" />
  </Folder>
  <Folder Name="/Solution Items/">
    <File Path=".editorconfig" />
    <File Path=".gitignore" />
    <File Path="Directory.Build.props" />
    <File Path="Directory.Packages.props" />
    <File Path="global.json" />
    <File Path="nuget.config" />
    <File Path="README.md" />
  </Folder>
</Solution>
