<Solution>
  <Folder Name="/src/">
    <Project Path="src/Plugboard.Endpoints/Plugboard.Endpoints.csproj" />
    <Project Path="src/Plugboard.Endpoints.Generator/Plugboard.Endpoints.Generator.csproj" />
  </Folder>
  <Folder Name="/tests/">
    <Project Path="tests/Plugboard.Endpoints.Tests/Plugboard.Endpoints.Tests.csproj" />
  </Folder>
  <Folder Name="/Solution Items/">
    <File Path=".editorconfig" />
    <File Path=".gitignore" />
    <File Path="Directory.Build.props" />
    <File Path="Directory.Packages.props" />
    <File Path="global.json" />
    <File Path="nuget.config" />
    <File Path="README.md" />
  </Folder>
</Solution>
