<Solution>
  <Folder Name="/src/">
    <Project Path="src/SimpleEndpoints/SimpleEndpoints.csproj" />
    <Project Path="src/SimpleEndpoints.Generator/SimpleEndpoints.Generator.csproj" />
  </Folder>
  <Folder Name="/tests/">
    <Project Path="tests/SimpleEndpoints.Tests/SimpleEndpoints.Tests.csproj" />
  </Folder>
  <Folder Name="/Solution Items/">
    <File Path=".editorconfig" />
    <File Path=".gitignore" />
    <File Path="Directory.Build.props" />
    <File Path="Directory.Packages.props" />
    <File Path="global.json" />
    <File Path="nuget.config" />
    <File Path="README.md" />
  </Folder>
</Solution>
